// !$*UTF8*$!
{
	archiveVersion = 1;
	classes = {
	};
	objectVersion = 50;
	objects = {

/* Begin PBXBuildFile section */
		0E142AD30358E662A2427D1A /* Pods_ClutaUITests.framework in Frameworks */ = {isa = PBXBuildFile; fileRef = F14666F36D635FF29E862109 /* Pods_ClutaUITests.framework */; };
		3E3B4A2310CE562536C88844 /* Pods_Cluta.framework in Frameworks */ = {isa = PBXBuildFile; fileRef = E7079FE3867FE9E132EC544A /* Pods_Cluta.framework */; };
		C2383A6721BA800600686D0D /* ChartViewController.swift in Sources */ = {isa = PBXBuildFile; fileRef = C2383A6621BA800600686D0D /* ChartViewController.swift */; };
		C24E976B2154EF6C00A0ADC5 /* ao.png in Resources */ = {isa = PBXBuildFile; fileRef = C24E97652154EF6C00A0ADC5 /* ao.png */; };
		C24E976C2154EF6C00A0ADC5 /* clear.png in Resources */ = {isa = PBXBuildFile; fileRef = C24E97662154EF6C00A0ADC5 /* clear.png */; };
		C24E976D2154EF6C00A0ADC5 /* hasen.png in Resources */ = {isa = PBXBuildFile; fileRef = C24E97672154EF6C00A0ADC5 /* hasen.png */; };
		C24E976E2154EF6C00A0ADC5 /* hasen2.png in Resources */ = {isa = PBXBuildFile; fileRef = C24E97682154EF6C00A0ADC5 /* hasen2.png */; };
		C24E976F2154EF6C00A0ADC5 /* hasen3.png in Resources */ = {isa = PBXBuildFile; fileRef = C24E97692154EF6C00A0ADC5 /* hasen3.png */; };
		C24E97702154EF6C00A0ADC5 /* shiro.png in Resources */ = {isa = PBXBuildFile; fileRef = C24E976A2154EF6C00A0ADC5 /* shiro.png */; };
		C25F436F214BACAC0037CBD0 /* AppDelegate.swift in Sources */ = {isa = PBXBuildFile; fileRef = C25F436E214BACAC0037CBD0 /* AppDelegate.swift */; };
		C25F4371214BACAC0037CBD0 /* ViewController.swift in Sources */ = {isa = PBXBuildFile; fileRef = C25F4370214BACAC0037CBD0 /* ViewController.swift */; };
		C25F4374214BACAC0037CBD0 /* Main.storyboard in Resources */ = {isa = PBXBuildFile; fileRef = C25F4372214BACAC0037CBD0 /* Main.storyboard */; };
		C25F4376214BACB70037CBD0 /* Assets.xcassets in Resources */ = {isa = PBXBuildFile; fileRef = C25F4375214BACB70037CBD0 /* Assets.xcassets */; };
		C25F4379214BACB70037CBD0 /* LaunchScreen.storyboard in Resources */ = {isa = PBXBuildFile; fileRef = C25F4377214BACB70037CBD0 /* LaunchScreen.storyboard */; };
		C25F4384214BACB70037CBD0 /* ClutaTests.swift in Sources */ = {isa = PBXBuildFile; fileRef = C25F4383214BACB70037CBD0 /* ClutaTests.swift */; };
		C25F438F214BACB70037CBD0 /* ClutaUITests.swift in Sources */ = {isa = PBXBuildFile; fileRef = C25F438E214BACB70037CBD0 /* ClutaUITests.swift */; };
		C25F439D214BB7380037CBD0 /* ZakkuriGothic-BLK.otf in Resources */ = {isa = PBXBuildFile; fileRef = C25F439C214BB71A0037CBD0 /* ZakkuriGothic-BLK.otf */; };
		C26F7DA52195A3BF00BA32E5 /* DataViewController.swift in Sources */ = {isa = PBXBuildFile; fileRef = C26F7DA42195A3BF00BA32E5 /* DataViewController.swift */; };
		C2711993219ED90100B34D49 /* AddDataViewController.swift in Sources */ = {isa = PBXBuildFile; fileRef = C2711992219ED90100B34D49 /* AddDataViewController.swift */; };
		C2F5DB1C21B1302600074443 /* InfoViewController.swift in Sources */ = {isa = PBXBuildFile; fileRef = C2F5DB1B21B1302600074443 /* InfoViewController.swift */; };
		C2F5DB2021B1364400074443 /* NavigationController.swift in Sources */ = {isa = PBXBuildFile; fileRef = C2F5DB1F21B1364400074443 /* NavigationController.swift */; };
		C2F5DB2221B143DB00074443 /* InformationViewController.swift in Sources */ = {isa = PBXBuildFile; fileRef = C2F5DB2121B143DB00074443 /* InformationViewController.swift */; };
		C2F5DB2421B14AC300074443 /* InputViewController.swift in Sources */ = {isa = PBXBuildFile; fileRef = C2F5DB2321B14AC300074443 /* InputViewController.swift */; };
		C2F5DB2621B14B7400074443 /* InputDataViewController.swift in Sources */ = {isa = PBXBuildFile; fileRef = C2F5DB2521B14B7400074443 /* InputDataViewController.swift */; };
		F0CB0795DFDF63118C98B062 /* Pods_ClutaTests.framework in Frameworks */ = {isa = PBXBuildFile; fileRef = 3B0CEBA8A79A36909433A317 /* Pods_ClutaTests.framework */; };
/* End PBXBuildFile section */

/* Begin PBXContainerItemProxy section */
		C25F4380214BACB70037CBD0 /* PBXContainerItemProxy */ = {
			isa = PBXContainerItemProxy;
			containerPortal = C25F4363214BACAC0037CBD0 /* Project object */;
			proxyType = 1;
			remoteGlobalIDString = C25F436A214BACAC0037CBD0;
			remoteInfo = Cluta;
		};
		C25F438B214BACB70037CBD0 /* PBXContainerItemProxy */ = {
			isa = PBXContainerItemProxy;
			containerPortal = C25F4363214BACAC0037CBD0 /* Project object */;
			proxyType = 1;
			remoteGlobalIDString = C25F436A214BACAC0037CBD0;
			remoteInfo = Cluta;
		};
/* End PBXContainerItemProxy section */

/* Begin PBXFileReference section */
		143F7E91BFD7FB9F023860CE /* Pods-Cluta.release.xcconfig */ = {isa = PBXFileReference; includeInIndex = 1; lastKnownFileType = text.xcconfig; name = "Pods-Cluta.release.xcconfig"; path = "Pods/Target Support Files/Pods-Cluta/Pods-Cluta.release.xcconfig"; sourceTree = "<group>"; };
		3B0CEBA8A79A36909433A317 /* Pods_ClutaTests.framework */ = {isa = PBXFileReference; explicitFileType = wrapper.framework; includeInIndex = 0; path = Pods_ClutaTests.framework; sourceTree = BUILT_PRODUCTS_DIR; };
		66383DE799BB54D7185E2B41 /* Pods-ClutaTests.release.xcconfig */ = {isa = PBXFileReference; includeInIndex = 1; lastKnownFileType = text.xcconfig; name = "Pods-ClutaTests.release.xcconfig"; path = "Pods/Target Support Files/Pods-ClutaTests/Pods-ClutaTests.release.xcconfig"; sourceTree = "<group>"; };
		926FA585E5FE0C65CBB40A62 /* Pods-ClutaTests.debug.xcconfig */ = {isa = PBXFileReference; includeInIndex = 1; lastKnownFileType = text.xcconfig; name = "Pods-ClutaTests.debug.xcconfig"; path = "Pods/Target Support Files/Pods-ClutaTests/Pods-ClutaTests.debug.xcconfig"; sourceTree = "<group>"; };
		C2383A6621BA800600686D0D /* ChartViewController.swift */ = {isa = PBXFileReference; lastKnownFileType = sourcecode.swift; path = ChartViewController.swift; sourceTree = "<group>"; };
		C24E97652154EF6C00A0ADC5 /* ao.png */ = {isa = PBXFileReference; lastKnownFileType = image.png; path = ao.png; sourceTree = "<group>"; };
		C24E97662154EF6C00A0ADC5 /* clear.png */ = {isa = PBXFileReference; lastKnownFileType = image.png; path = clear.png; sourceTree = "<group>"; };
		C24E97672154EF6C00A0ADC5 /* hasen.png */ = {isa = PBXFileReference; lastKnownFileType = image.png; path = hasen.png; sourceTree = "<group>"; };
		C24E97682154EF6C00A0ADC5 /* hasen2.png */ = {isa = PBXFileReference; lastKnownFileType = image.png; path = hasen2.png; sourceTree = "<group>"; };
		C24E97692154EF6C00A0ADC5 /* hasen3.png */ = {isa = PBXFileReference; lastKnownFileType = image.png; path = hasen3.png; sourceTree = "<group>"; };
		C24E976A2154EF6C00A0ADC5 /* shiro.png */ = {isa = PBXFileReference; lastKnownFileType = image.png; path = shiro.png; sourceTree = "<group>"; };
		C25F436B214BACAC0037CBD0 /* Cluta.app */ = {isa = PBXFileReference; explicitFileType = wrapper.application; includeInIndex = 0; path = Cluta.app; sourceTree = BUILT_PRODUCTS_DIR; };
		C25F436E214BACAC0037CBD0 /* AppDelegate.swift */ = {isa = PBXFileReference; lastKnownFileType = sourcecode.swift; path = AppDelegate.swift; sourceTree = "<group>"; };
		C25F4370214BACAC0037CBD0 /* ViewController.swift */ = {isa = PBXFileReference; lastKnownFileType = sourcecode.swift; path = ViewController.swift; sourceTree = "<group>"; };
		C25F4373214BACAC0037CBD0 /* Base */ = {isa = PBXFileReference; lastKnownFileType = file.storyboard; name = Base; path = Base.lproj/Main.storyboard; sourceTree = "<group>"; };
		C25F4375214BACB70037CBD0 /* Assets.xcassets */ = {isa = PBXFileReference; lastKnownFileType = folder.assetcatalog; path = Assets.xcassets; sourceTree = "<group>"; };
		C25F4378214BACB70037CBD0 /* Base */ = {isa = PBXFileReference; lastKnownFileType = file.storyboard; name = Base; path = Base.lproj/LaunchScreen.storyboard; sourceTree = "<group>"; };
		C25F437A214BACB70037CBD0 /* Info.plist */ = {isa = PBXFileReference; lastKnownFileType = text.plist.xml; path = Info.plist; sourceTree = "<group>"; };
		C25F437F214BACB70037CBD0 /* ClutaTests.xctest */ = {isa = PBXFileReference; explicitFileType = wrapper.cfbundle; includeInIndex = 0; path = ClutaTests.xctest; sourceTree = BUILT_PRODUCTS_DIR; };
		C25F4383214BACB70037CBD0 /* ClutaTests.swift */ = {isa = PBXFileReference; lastKnownFileType = sourcecode.swift; path = ClutaTests.swift; sourceTree = "<group>"; };
		C25F4385214BACB70037CBD0 /* Info.plist */ = {isa = PBXFileReference; lastKnownFileType = text.plist.xml; path = Info.plist; sourceTree = "<group>"; };
		C25F438A214BACB70037CBD0 /* ClutaUITests.xctest */ = {isa = PBXFileReference; explicitFileType = wrapper.cfbundle; includeInIndex = 0; path = ClutaUITests.xctest; sourceTree = BUILT_PRODUCTS_DIR; };
		C25F438E214BACB70037CBD0 /* ClutaUITests.swift */ = {isa = PBXFileReference; lastKnownFileType = sourcecode.swift; path = ClutaUITests.swift; sourceTree = "<group>"; };
		C25F4390214BACB70037CBD0 /* Info.plist */ = {isa = PBXFileReference; lastKnownFileType = text.plist.xml; path = Info.plist; sourceTree = "<group>"; };
		C25F439C214BB71A0037CBD0 /* ZakkuriGothic-BLK.otf */ = {isa = PBXFileReference; lastKnownFileType = file; path = "ZakkuriGothic-BLK.otf"; sourceTree = "<group>"; };
		C26F7DA42195A3BF00BA32E5 /* DataViewController.swift */ = {isa = PBXFileReference; lastKnownFileType = sourcecode.swift; path = DataViewController.swift; sourceTree = "<group>"; };
		C2711992219ED90100B34D49 /* AddDataViewController.swift */ = {isa = PBXFileReference; lastKnownFileType = sourcecode.swift; path = AddDataViewController.swift; sourceTree = "<group>"; };
		C2F5DB1B21B1302600074443 /* InfoViewController.swift */ = {isa = PBXFileReference; lastKnownFileType = sourcecode.swift; path = InfoViewController.swift; sourceTree = "<group>"; };
		C2F5DB1F21B1364400074443 /* NavigationController.swift */ = {isa = PBXFileReference; lastKnownFileType = sourcecode.swift; path = NavigationController.swift; sourceTree = "<group>"; };
		C2F5DB2121B143DB00074443 /* InformationViewController.swift */ = {isa = PBXFileReference; lastKnownFileType = sourcecode.swift; path = InformationViewController.swift; sourceTree = "<group>"; };
		C2F5DB2321B14AC300074443 /* InputViewController.swift */ = {isa = PBXFileReference; lastKnownFileType = sourcecode.swift; path = InputViewController.swift; sourceTree = "<group>"; };
		C2F5DB2521B14B7400074443 /* InputDataViewController.swift */ = {isa = PBXFileReference; lastKnownFileType = sourcecode.swift; path = InputDataViewController.swift; sourceTree = "<group>"; };
		D278C482D788CD60F93337BA /* Pods-ClutaUITests.debug.xcconfig */ = {isa = PBXFileReference; includeInIndex = 1; lastKnownFileType = text.xcconfig; name = "Pods-ClutaUITests.debug.xcconfig"; path = "Pods/Target Support Files/Pods-ClutaUITests/Pods-ClutaUITests.debug.xcconfig"; sourceTree = "<group>"; };
		D6D36F2304788D76644F0FED /* Pods-ClutaUITests.release.xcconfig */ = {isa = PBXFileReference; includeInIndex = 1; lastKnownFileType = text.xcconfig; name = "Pods-ClutaUITests.release.xcconfig"; path = "Pods/Target Support Files/Pods-ClutaUITests/Pods-ClutaUITests.release.xcconfig"; sourceTree = "<group>"; };
		E26E2BFE250F8A24B054F84F /* Pods-Cluta.debug.xcconfig */ = {isa = PBXFileReference; includeInIndex = 1; lastKnownFileType = text.xcconfig; name = "Pods-Cluta.debug.xcconfig"; path = "Pods/Target Support Files/Pods-Cluta/Pods-Cluta.debug.xcconfig"; sourceTree = "<group>"; };
		E7079FE3867FE9E132EC544A /* Pods_Cluta.framework */ = {isa = PBXFileReference; explicitFileType = wrapper.framework; includeInIndex = 0; path = Pods_Cluta.framework; sourceTree = BUILT_PRODUCTS_DIR; };
		F14666F36D635FF29E862109 /* Pods_ClutaUITests.framework */ = {isa = PBXFileReference; explicitFileType = wrapper.framework; includeInIndex = 0; path = Pods_ClutaUITests.framework; sourceTree = BUILT_PRODUCTS_DIR; };
/* End PBXFileReference section */

/* Begin PBXFrameworksBuildPhase section */
		C25F4368214BACAC0037CBD0 /* Frameworks */ = {
			isa = PBXFrameworksBuildPhase;
			buildActionMask = 2147483647;
			files = (
				3E3B4A2310CE562536C88844 /* Pods_Cluta.framework in Frameworks */,
			);
			runOnlyForDeploymentPostprocessing = 0;
		};
		C25F437C214BACB70037CBD0 /* Frameworks */ = {
			isa = PBXFrameworksBuildPhase;
			buildActionMask = 2147483647;
			files = (
				F0CB0795DFDF63118C98B062 /* Pods_ClutaTests.framework in Frameworks */,
			);
			runOnlyForDeploymentPostprocessing = 0;
		};
		C25F4387214BACB70037CBD0 /* Frameworks */ = {
			isa = PBXFrameworksBuildPhase;
			buildActionMask = 2147483647;
			files = (
				0E142AD30358E662A2427D1A /* Pods_ClutaUITests.framework in Frameworks */,
			);
			runOnlyForDeploymentPostprocessing = 0;
		};
/* End PBXFrameworksBuildPhase section */

/* Begin PBXGroup section */
		388583688DFDF7CCDC1844BC /* Frameworks */ = {
			isa = PBXGroup;
			children = (
				E7079FE3867FE9E132EC544A /* Pods_Cluta.framework */,
				3B0CEBA8A79A36909433A317 /* Pods_ClutaTests.framework */,
				F14666F36D635FF29E862109 /* Pods_ClutaUITests.framework */,
			);
			name = Frameworks;
			sourceTree = "<group>";
		};
		9407D89F992C4D9462A76846 /* Pods */ = {
			isa = PBXGroup;
			children = (
				E26E2BFE250F8A24B054F84F /* Pods-Cluta.debug.xcconfig */,
				143F7E91BFD7FB9F023860CE /* Pods-Cluta.release.xcconfig */,
				926FA585E5FE0C65CBB40A62 /* Pods-ClutaTests.debug.xcconfig */,
				66383DE799BB54D7185E2B41 /* Pods-ClutaTests.release.xcconfig */,
				D278C482D788CD60F93337BA /* Pods-ClutaUITests.debug.xcconfig */,
				D6D36F2304788D76644F0FED /* Pods-ClutaUITests.release.xcconfig */,
			);
			name = Pods;
			sourceTree = "<group>";
		};
		C24E97642154EF6C00A0ADC5 /* あーやの五角形 */ = {
			isa = PBXGroup;
			children = (
				C24E97652154EF6C00A0ADC5 /* ao.png */,
				C24E97662154EF6C00A0ADC5 /* clear.png */,
				C24E97672154EF6C00A0ADC5 /* hasen.png */,
				C24E97682154EF6C00A0ADC5 /* hasen2.png */,
				C24E97692154EF6C00A0ADC5 /* hasen3.png */,
				C24E976A2154EF6C00A0ADC5 /* shiro.png */,
			);
			path = "あーやの五角形";
			sourceTree = "<group>";
		};
		C25F4362214BACAC0037CBD0 = {
			isa = PBXGroup;
			children = (
				C25F439C214BB71A0037CBD0 /* ZakkuriGothic-BLK.otf */,
				C25F436D214BACAC0037CBD0 /* Cluta */,
				C25F4382214BACB70037CBD0 /* ClutaTests */,
				C25F438D214BACB70037CBD0 /* ClutaUITests */,
				C25F436C214BACAC0037CBD0 /* Products */,
				9407D89F992C4D9462A76846 /* Pods */,
				388583688DFDF7CCDC1844BC /* Frameworks */,
			);
			sourceTree = "<group>";
		};
		C25F436C214BACAC0037CBD0 /* Products */ = {
			isa = PBXGroup;
			children = (
				C25F436B214BACAC0037CBD0 /* Cluta.app */,
				C25F437F214BACB70037CBD0 /* ClutaTests.xctest */,
				C25F438A214BACB70037CBD0 /* ClutaUITests.xctest */,
			);
			name = Products;
			sourceTree = "<group>";
		};
		C25F436D214BACAC0037CBD0 /* Cluta */ = {
			isa = PBXGroup;
			children = (
				C24E97642154EF6C00A0ADC5 /* あーやの五角形 */,
				C25F436E214BACAC0037CBD0 /* AppDelegate.swift */,
				C2F5DB1F21B1364400074443 /* NavigationController.swift */,
				C25F4370214BACAC0037CBD0 /* ViewController.swift */,
				C25F4372214BACAC0037CBD0 /* Main.storyboard */,
				C25F4375214BACB70037CBD0 /* Assets.xcassets */,
				C25F4377214BACB70037CBD0 /* LaunchScreen.storyboard */,
				C25F437A214BACB70037CBD0 /* Info.plist */,
				C26F7DA42195A3BF00BA32E5 /* DataViewController.swift */,
				C2711992219ED90100B34D49 /* AddDataViewController.swift */,
				C2F5DB2121B143DB00074443 /* InformationViewController.swift */,
				C2F5DB1B21B1302600074443 /* InfoViewController.swift */,
				C2F5DB2321B14AC300074443 /* InputViewController.swift */,
				C2F5DB2521B14B7400074443 /* InputDataViewController.swift */,
				C2383A6621BA800600686D0D /* ChartViewController.swift */,
			);
			path = Cluta;
			sourceTree = "<group>";
		};
		C25F4382214BACB70037CBD0 /* ClutaTests */ = {
			isa = PBXGroup;
			children = (
				C25F4383214BACB70037CBD0 /* ClutaTests.swift */,
				C25F4385214BACB70037CBD0 /* Info.plist */,
			);
			path = ClutaTests;
			sourceTree = "<group>";
		};
		C25F438D214BACB70037CBD0 /* ClutaUITests */ = {
			isa = PBXGroup;
			children = (
				C25F438E214BACB70037CBD0 /* ClutaUITests.swift */,
				C25F4390214BACB70037CBD0 /* Info.plist */,
			);
			path = ClutaUITests;
			sourceTree = "<group>";
		};
/* End PBXGroup section */

/* Begin PBXNativeTarget section */
		C25F436A214BACAC0037CBD0 /* Cluta */ = {
			isa = PBXNativeTarget;
			buildConfigurationList = C25F4393214BACB70037CBD0 /* Build configuration list for PBXNativeTarget "Cluta" */;
			buildPhases = (
				F7CEF24AE8B6812CAF7792DC /* [CP] Check Pods Manifest.lock */,
				C25F4367214BACAC0037CBD0 /* Sources */,
				C25F4368214BACAC0037CBD0 /* Frameworks */,
				C25F4369214BACAC0037CBD0 /* Resources */,
				B612F00162E953B5F00F0B02 /* [CP] Embed Pods Frameworks */,
			);
			buildRules = (
			);
			dependencies = (
			);
			name = Cluta;
			productName = Cluta;
			productReference = C25F436B214BACAC0037CBD0 /* Cluta.app */;
			productType = "com.apple.product-type.application";
		};
		C25F437E214BACB70037CBD0 /* ClutaTests */ = {
			isa = PBXNativeTarget;
			buildConfigurationList = C25F4396214BACB70037CBD0 /* Build configuration list for PBXNativeTarget "ClutaTests" */;
			buildPhases = (
				5B71E39A3AE0603C62D87124 /* [CP] Check Pods Manifest.lock */,
				C25F437B214BACB70037CBD0 /* Sources */,
				C25F437C214BACB70037CBD0 /* Frameworks */,
				C25F437D214BACB70037CBD0 /* Resources */,
			);
			buildRules = (
			);
			dependencies = (
				C25F4381214BACB70037CBD0 /* PBXTargetDependency */,
			);
			name = ClutaTests;
			productName = ClutaTests;
			productReference = C25F437F214BACB70037CBD0 /* ClutaTests.xctest */;
			productType = "com.apple.product-type.bundle.unit-test";
		};
		C25F4389214BACB70037CBD0 /* ClutaUITests */ = {
			isa = PBXNativeTarget;
			buildConfigurationList = C25F4399214BACB70037CBD0 /* Build configuration list for PBXNativeTarget "ClutaUITests" */;
			buildPhases = (
				14ADD7E1FBA76336F7742AD8 /* [CP] Check Pods Manifest.lock */,
				C25F4386214BACB70037CBD0 /* Sources */,
				C25F4387214BACB70037CBD0 /* Frameworks */,
				C25F4388214BACB70037CBD0 /* Resources */,
			);
			buildRules = (
			);
			dependencies = (
				C25F438C214BACB70037CBD0 /* PBXTargetDependency */,
			);
			name = ClutaUITests;
			productName = ClutaUITests;
			productReference = C25F438A214BACB70037CBD0 /* ClutaUITests.xctest */;
			productType = "com.apple.product-type.bundle.ui-testing";
		};
/* End PBXNativeTarget section */

/* Begin PBXProject section */
		C25F4363214BACAC0037CBD0 /* Project object */ = {
			isa = PBXProject;
			attributes = {
				LastSwiftUpdateCheck = 0940;
				LastUpgradeCheck = 0940;
				ORGANIZATIONNAME = "Ayako Nago";
				TargetAttributes = {
					C25F436A214BACAC0037CBD0 = {
						CreatedOnToolsVersion = 9.4.1;
					};
					C25F437E214BACB70037CBD0 = {
						CreatedOnToolsVersion = 9.4.1;
						TestTargetID = C25F436A214BACAC0037CBD0;
					};
					C25F4389214BACB70037CBD0 = {
						CreatedOnToolsVersion = 9.4.1;
						TestTargetID = C25F436A214BACAC0037CBD0;
					};
				};
			};
			buildConfigurationList = C25F4366214BACAC0037CBD0 /* Build configuration list for PBXProject "Cluta" */;
			compatibilityVersion = "Xcode 9.3";
			developmentRegion = en;
			hasScannedForEncodings = 0;
			knownRegions = (
				en,
				Base,
			);
			mainGroup = C25F4362214BACAC0037CBD0;
			productRefGroup = C25F436C214BACAC0037CBD0 /* Products */;
			projectDirPath = "";
			projectRoot = "";
			targets = (
				C25F436A214BACAC0037CBD0 /* Cluta */,
				C25F437E214BACB70037CBD0 /* ClutaTests */,
				C25F4389214BACB70037CBD0 /* ClutaUITests */,
			);
		};
/* End PBXProject section */

/* Begin PBXResourcesBuildPhase section */
		C25F4369214BACAC0037CBD0 /* Resources */ = {
			isa = PBXResourcesBuildPhase;
			buildActionMask = 2147483647;
			files = (
				C24E976B2154EF6C00A0ADC5 /* ao.png in Resources */,
				C24E976D2154EF6C00A0ADC5 /* hasen.png in Resources */,
				C25F439D214BB7380037CBD0 /* ZakkuriGothic-BLK.otf in Resources */,
				C25F4379214BACB70037CBD0 /* LaunchScreen.storyboard in Resources */,
				C24E976F2154EF6C00A0ADC5 /* hasen3.png in Resources */,
				C24E976C2154EF6C00A0ADC5 /* clear.png in Resources */,
				C25F4376214BACB70037CBD0 /* Assets.xcassets in Resources */,
				C24E97702154EF6C00A0ADC5 /* shiro.png in Resources */,
				C24E976E2154EF6C00A0ADC5 /* hasen2.png in Resources */,
				C25F4374214BACAC0037CBD0 /* Main.storyboard in Resources */,
			);
			runOnlyForDeploymentPostprocessing = 0;
		};
		C25F437D214BACB70037CBD0 /* Resources */ = {
			isa = PBXResourcesBuildPhase;
			buildActionMask = 2147483647;
			files = (
			);
			runOnlyForDeploymentPostprocessing = 0;
		};
		C25F4388214BACB70037CBD0 /* Resources */ = {
			isa = PBXResourcesBuildPhase;
			buildActionMask = 2147483647;
			files = (
			);
			runOnlyForDeploymentPostprocessing = 0;
		};
/* End PBXResourcesBuildPhase section */

/* Begin PBXShellScriptBuildPhase section */
		14ADD7E1FBA76336F7742AD8 /* [CP] Check Pods Manifest.lock */ = {
			isa = PBXShellScriptBuildPhase;
			buildActionMask = 2147483647;
			files = (
			);
			inputFileListPaths = (
			);
			inputPaths = (
				"${PODS_PODFILE_DIR_PATH}/Podfile.lock",
				"${PODS_ROOT}/Manifest.lock",
			);
			name = "[CP] Check Pods Manifest.lock";
			outputFileListPaths = (
			);
			outputPaths = (
				"$(DERIVED_FILE_DIR)/Pods-ClutaUITests-checkManifestLockResult.txt",
			);
			runOnlyForDeploymentPostprocessing = 0;
			shellPath = /bin/sh;
			shellScript = "diff \"${PODS_PODFILE_DIR_PATH}/Podfile.lock\" \"${PODS_ROOT}/Manifest.lock\" > /dev/null\nif [ $? != 0 ] ; then\n    # print error to STDERR\n    echo \"error: The sandbox is not in sync with the Podfile.lock. Run 'pod install' or update your CocoaPods installation.\" >&2\n    exit 1\nfi\n# This output is used by Xcode 'outputs' to avoid re-running this script phase.\necho \"SUCCESS\" > \"${SCRIPT_OUTPUT_FILE_0}\"\n";
			showEnvVarsInLog = 0;
		};
		5B71E39A3AE0603C62D87124 /* [CP] Check Pods Manifest.lock */ = {
			isa = PBXShellScriptBuildPhase;
			buildActionMask = 2147483647;
			files = (
			);
			inputFileListPaths = (
			);
			inputPaths = (
				"${PODS_PODFILE_DIR_PATH}/Podfile.lock",
				"${PODS_ROOT}/Manifest.lock",
			);
			name = "[CP] Check Pods Manifest.lock";
			outputFileListPaths = (
			);
			outputPaths = (
				"$(DERIVED_FILE_DIR)/Pods-ClutaTests-checkManifestLockResult.txt",
			);
			runOnlyForDeploymentPostprocessing = 0;
			shellPath = /bin/sh;
			shellScript = "diff \"${PODS_PODFILE_DIR_PATH}/Podfile.lock\" \"${PODS_ROOT}/Manifest.lock\" > /dev/null\nif [ $? != 0 ] ; then\n    # print error to STDERR\n    echo \"error: The sandbox is not in sync with the Podfile.lock. Run 'pod install' or update your CocoaPods installation.\" >&2\n    exit 1\nfi\n# This output is used by Xcode 'outputs' to avoid re-running this script phase.\necho \"SUCCESS\" > \"${SCRIPT_OUTPUT_FILE_0}\"\n";
			showEnvVarsInLog = 0;
		};
		B612F00162E953B5F00F0B02 /* [CP] Embed Pods Frameworks */ = {
			isa = PBXShellScriptBuildPhase;
			buildActionMask = 2147483647;
			files = (
			);
			inputFileListPaths = (
			);
			inputPaths = (
				"${SRCROOT}/Pods/Target Support Files/Pods-Cluta/Pods-Cluta-frameworks.sh",
				"${BUILT_PRODUCTS_DIR}/Charts/Charts.framework",
			);
			name = "[CP] Embed Pods Frameworks";
			outputFileListPaths = (
			);
			outputPaths = (
				"${TARGET_BUILD_DIR}/${FRAMEWORKS_FOLDER_PATH}/Charts.framework",
			);
			runOnlyForDeploymentPostprocessing = 0;
			shellPath = /bin/sh;
			shellScript = "\"${SRCROOT}/Pods/Target Support Files/Pods-Cluta/Pods-Cluta-frameworks.sh\"\n";
			showEnvVarsInLog = 0;
		};
		F7CEF24AE8B6812CAF7792DC /* [CP] Check Pods Manifest.lock */ = {
			isa = PBXShellScriptBuildPhase;
			buildActionMask = 2147483647;
			files = (
			);
			inputFileListPaths = (
			);
			inputPaths = (
				"${PODS_PODFILE_DIR_PATH}/Podfile.lock",
				"${PODS_ROOT}/Manifest.lock",
			);
			name = "[CP] Check Pods Manifest.lock";
			outputFileListPaths = (
			);
			outputPaths = (
				"$(DERIVED_FILE_DIR)/Pods-Cluta-checkManifestLockResult.txt",
			);
			runOnlyForDeploymentPostprocessing = 0;
			shellPath = /bin/sh;
			shellScript = "diff \"${PODS_PODFILE_DIR_PATH}/Podfile.lock\" \"${PODS_ROOT}/Manifest.lock\" > /dev/null\nif [ $? != 0 ] ; then\n    # print error to STDERR\n    echo \"error: The sandbox is not in sync with the Podfile.lock. Run 'pod install' or update your CocoaPods installation.\" >&2\n    exit 1\nfi\n# This output is used by Xcode 'outputs' to avoid re-running this script phase.\necho \"SUCCESS\" > \"${SCRIPT_OUTPUT_FILE_0}\"\n";
			showEnvVarsInLog = 0;
		};
/* End PBXShellScriptBuildPhase section */

/* Begin PBXSourcesBuildPhase section */
		C25F4367214BACAC0037CBD0 /* Sources */ = {
			isa = PBXSourcesBuildPhase;
			buildActionMask = 2147483647;
			files = (
				C26F7DA52195A3BF00BA32E5 /* DataViewController.swift in Sources */,
				C2F5DB2021B1364400074443 /* NavigationController.swift in Sources */,
				C2F5DB2221B143DB00074443 /* InformationViewController.swift in Sources */,
				C2F5DB2421B14AC300074443 /* InputViewController.swift in Sources */,
				C25F4371214BACAC0037CBD0 /* ViewController.swift in Sources */,
				C2F5DB2621B14B7400074443 /* InputDataViewController.swift in Sources */,
				C25F436F214BACAC0037CBD0 /* AppDelegate.swift in Sources */,
				C2711993219ED90100B34D49 /* AddDataViewController.swift in Sources */,
				C2F5DB1C21B1302600074443 /* InfoViewController.swift in Sources */,
				C2383A6721BA800600686D0D /* ChartViewController.swift in Sources */,
			);
			runOnlyForDeploymentPostprocessing = 0;
		};
		C25F437B214BACB70037CBD0 /* Sources */ = {
			isa = PBXSourcesBuildPhase;
			buildActionMask = 2147483647;
			files = (
				C25F4384214BACB70037CBD0 /* ClutaTests.swift in Sources */,
			);
			runOnlyForDeploymentPostprocessing = 0;
		};
		C25F4386214BACB70037CBD0 /* Sources */ = {
			isa = PBXSourcesBuildPhase;
			buildActionMask = 2147483647;
			files = (
				C25F438F214BACB70037CBD0 /* ClutaUITests.swift in Sources */,
			);
			runOnlyForDeploymentPostprocessing = 0;
		};
/* End PBXSourcesBuildPhase section */

/* Begin PBXTargetDependency section */
		C25F4381214BACB70037CBD0 /* PBXTargetDependency */ = {
			isa = PBXTargetDependency;
			target = C25F436A214BACAC0037CBD0 /* Cluta */;
			targetProxy = C25F4380214BACB70037CBD0 /* PBXContainerItemProxy */;
		};
		C25F438C214BACB70037CBD0 /* PBXTargetDependency */ = {
			isa = PBXTargetDependency;
			target = C25F436A214BACAC0037CBD0 /* Cluta */;
			targetProxy = C25F438B214BACB70037CBD0 /* PBXContainerItemProxy */;
		};
/* End PBXTargetDependency section */

/* Begin PBXVariantGroup section */
		C25F4372214BACAC0037CBD0 /* Main.storyboard */ = {
			isa = PBXVariantGroup;
			children = (
				C25F4373214BACAC0037CBD0 /* Base */,
			);
			name = Main.storyboard;
			sourceTree = "<group>";
		};
		C25F4377214BACB70037CBD0 /* LaunchScreen.storyboard */ = {
			isa = PBXVariantGroup;
			children = (
				C25F4378214BACB70037CBD0 /* Base */,
			);
			name = LaunchScreen.storyboard;
			sourceTree = "<group>";
		};
/* End PBXVariantGroup section */

/* Begin XCBuildConfiguration section */
		C25F4391214BACB70037CBD0 /* Debug */ = {
			isa = XCBuildConfiguration;
			buildSettings = {
				ALWAYS_SEARCH_USER_PATHS = NO;
				CLANG_ANALYZER_NONNULL = YES;
				CLANG_ANALYZER_NUMBER_OBJECT_CONVERSION = YES_AGGRESSIVE;
				CLANG_CXX_LANGUAGE_STANDARD = "gnu++14";
				CLANG_CXX_LIBRARY = "libc++";
				CLANG_ENABLE_MODULES = YES;
				CLANG_ENABLE_OBJC_ARC = YES;
				CLANG_ENABLE_OBJC_WEAK = YES;
				CLANG_WARN_BLOCK_CAPTURE_AUTORELEASING = YES;
				CLANG_WARN_BOOL_CONVERSION = YES;
				CLANG_WARN_COMMA = YES;
				CLANG_WARN_CONSTANT_CONVERSION = YES;
				CLANG_WARN_DEPRECATED_OBJC_IMPLEMENTATIONS = YES;
				CLANG_WARN_DIRECT_OBJC_ISA_USAGE = YES_ERROR;
				CLANG_WARN_DOCUMENTATION_COMMENTS = YES;
				CLANG_WARN_EMPTY_BODY = YES;
				CLANG_WARN_ENUM_CONVERSION = YES;
				CLANG_WARN_INFINITE_RECURSION = YES;
				CLANG_WARN_INT_CONVERSION = YES;
				CLANG_WARN_NON_LITERAL_NULL_CONVERSION = YES;
				CLANG_WARN_OBJC_IMPLICIT_RETAIN_SELF = YES;
				CLANG_WARN_OBJC_LITERAL_CONVERSION = YES;
				CLANG_WARN_OBJC_ROOT_CLASS = YES_ERROR;
				CLANG_WARN_RANGE_LOOP_ANALYSIS = YES;
				CLANG_WARN_STRICT_PROTOTYPES = YES;
				CLANG_WARN_SUSPICIOUS_MOVE = YES;
				CLANG_WARN_UNGUARDED_AVAILABILITY = YES_AGGRESSIVE;
				CLANG_WARN_UNREACHABLE_CODE = YES;
				CLANG_WARN__DUPLICATE_METHOD_MATCH = YES;
				CODE_SIGN_IDENTITY = "iPhone Developer";
				COPY_PHASE_STRIP = NO;
				DEBUG_INFORMATION_FORMAT = dwarf;
				ENABLE_STRICT_OBJC_MSGSEND = YES;
				ENABLE_TESTABILITY = YES;
				GCC_C_LANGUAGE_STANDARD = gnu11;
				GCC_DYNAMIC_NO_PIC = NO;
				GCC_NO_COMMON_BLOCKS = YES;
				GCC_OPTIMIZATION_LEVEL = 0;
				GCC_PREPROCESSOR_DEFINITIONS = (
					"DEBUG=1",
					"$(inherited)",
				);
				GCC_WARN_64_TO_32_BIT_CONVERSION = YES;
				GCC_WARN_ABOUT_RETURN_TYPE = YES_ERROR;
				GCC_WARN_UNDECLARED_SELECTOR = YES;
				GCC_WARN_UNINITIALIZED_AUTOS = YES_AGGRESSIVE;
				GCC_WARN_UNUSED_FUNCTION = YES;
				GCC_WARN_UNUSED_VARIABLE = YES;
				IPHONEOS_DEPLOYMENT_TARGET = 11.4;
				MTL_ENABLE_DEBUG_INFO = YES;
				ONLY_ACTIVE_ARCH = YES;
				SDKROOT = iphoneos;
				SWIFT_ACTIVE_COMPILATION_CONDITIONS = DEBUG;
				SWIFT_OPTIMIZATION_LEVEL = "-Onone";
			};
			name = Debug;
		};
		C25F4392214BACB70037CBD0 /* Release */ = {
			isa = XCBuildConfiguration;
			buildSettings = {
				ALWAYS_SEARCH_USER_PATHS = NO;
				CLANG_ANALYZER_NONNULL = YES;
				CLANG_ANALYZER_NUMBER_OBJECT_CONVERSION = YES_AGGRESSIVE;
				CLANG_CXX_LANGUAGE_STANDARD = "gnu++14";
				CLANG_CXX_LIBRARY = "libc++";
				CLANG_ENABLE_MODULES = YES;
				CLANG_ENABLE_OBJC_ARC = YES;
				CLANG_ENABLE_OBJC_WEAK = YES;
				CLANG_WARN_BLOCK_CAPTURE_AUTORELEASING = YES;
				CLANG_WARN_BOOL_CONVERSION = YES;
				CLANG_WARN_COMMA = YES;
				CLANG_WARN_CONSTANT_CONVERSION = YES;
				CLANG_WARN_DEPRECATED_OBJC_IMPLEMENTATIONS = YES;
				CLANG_WARN_DIRECT_OBJC_ISA_USAGE = YES_ERROR;
				CLANG_WARN_DOCUMENTATION_COMMENTS = YES;
				CLANG_WARN_EMPTY_BODY = YES;
				CLANG_WARN_ENUM_CONVERSION = YES;
				CLANG_WARN_INFINITE_RECURSION = YES;
				CLANG_WARN_INT_CONVERSION = YES;
				CLANG_WARN_NON_LITERAL_NULL_CONVERSION = YES;
				CLANG_WARN_OBJC_IMPLICIT_RETAIN_SELF = YES;
				CLANG_WARN_OBJC_LITERAL_CONVERSION = YES;
				CLANG_WARN_OBJC_ROOT_CLASS = YES_ERROR;
				CLANG_WARN_RANGE_LOOP_ANALYSIS = YES;
				CLANG_WARN_STRICT_PROTOTYPES = YES;
				CLANG_WARN_SUSPICIOUS_MOVE = YES;
				CLANG_WARN_UNGUARDED_AVAILABILITY = YES_AGGRESSIVE;
				CLANG_WARN_UNREACHABLE_CODE = YES;
				CLANG_WARN__DUPLICATE_METHOD_MATCH = YES;
				CODE_SIGN_IDENTITY = "iPhone Developer";
				COPY_PHASE_STRIP = NO;
				DEBUG_INFORMATION_FORMAT = "dwarf-with-dsym";
				ENABLE_NS_ASSERTIONS = NO;
				ENABLE_STRICT_OBJC_MSGSEND = YES;
				GCC_C_LANGUAGE_STANDARD = gnu11;
				GCC_NO_COMMON_BLOCKS = YES;
				GCC_WARN_64_TO_32_BIT_CONVERSION = YES;
				GCC_WARN_ABOUT_RETURN_TYPE = YES_ERROR;
				GCC_WARN_UNDECLARED_SELECTOR = YES;
				GCC_WARN_UNINITIALIZED_AUTOS = YES_AGGRESSIVE;
				GCC_WARN_UNUSED_FUNCTION = YES;
				GCC_WARN_UNUSED_VARIABLE = YES;
				IPHONEOS_DEPLOYMENT_TARGET = 11.4;
				MTL_ENABLE_DEBUG_INFO = NO;
				SDKROOT = iphoneos;
				SWIFT_COMPILATION_MODE = wholemodule;
				SWIFT_OPTIMIZATION_LEVEL = "-O";
				VALIDATE_PRODUCT = YES;
			};
			name = Release;
		};
		C25F4394214BACB70037CBD0 /* Debug */ = {
			isa = XCBuildConfiguration;
			baseConfigurationReference = E26E2BFE250F8A24B054F84F /* Pods-Cluta.debug.xcconfig */;
			buildSettings = {
				ASSETCATALOG_COMPILER_APPICON_NAME = AppIcon;
				CODE_SIGN_STYLE = Automatic;
				INFOPLIST_FILE = Cluta/Info.plist;
				LD_RUNPATH_SEARCH_PATHS = (
					"$(inherited)",
					"@executable_path/Frameworks",
				);
				PRODUCT_BUNDLE_IDENTIFIER = com.litech.Cluta;
				PRODUCT_NAME = "$(TARGET_NAME)";
				SWIFT_VERSION = 4.0;
				TARGETED_DEVICE_FAMILY = "1,2";
			};
			name = Debug;
		};
		C25F4395214BACB70037CBD0 /* Release */ = {
			isa = XCBuildConfiguration;
			baseConfigurationReference = 143F7E91BFD7FB9F023860CE /* Pods-Cluta.release.xcconfig */;
			buildSettings = {
				ASSETCATALOG_COMPILER_APPICON_NAME = AppIcon;
				CODE_SIGN_STYLE = Automatic;
				INFOPLIST_FILE = Cluta/Info.plist;
				LD_RUNPATH_SEARCH_PATHS = (
					"$(inherited)",
					"@executable_path/Frameworks",
				);
				PRODUCT_BUNDLE_IDENTIFIER = com.litech.Cluta;
				PRODUCT_NAME = "$(TARGET_NAME)";
				SWIFT_VERSION = 4.0;
				TARGETED_DEVICE_FAMILY = "1,2";
			};
			name = Release;
		};
		C25F4397214BACB70037CBD0 /* Debug */ = {
			isa = XCBuildConfiguration;
			baseConfigurationReference = 926FA585E5FE0C65CBB40A62 /* Pods-ClutaTests.debug.xcconfig */;
			buildSettings = {
				ALWAYS_EMBED_SWIFT_STANDARD_LIBRARIES = YES;
				BUNDLE_LOADER = "$(TEST_HOST)";
				CODE_SIGN_STYLE = Automatic;
				INFOPLIST_FILE = ClutaTests/Info.plist;
				LD_RUNPATH_SEARCH_PATHS = (
					"$(inherited)",
					"@executable_path/Frameworks",
					"@loader_path/Frameworks",
				);
				PRODUCT_BUNDLE_IDENTIFIER = com.litech.ClutaTests;
				PRODUCT_NAME = "$(TARGET_NAME)";
				SWIFT_VERSION = 4.0;
				TARGETED_DEVICE_FAMILY = "1,2";
				TEST_HOST = "$(BUILT_PRODUCTS_DIR)/Cluta.app/Cluta";
			};
			name = Debug;
		};
		C25F4398214BACB70037CBD0 /* Release */ = {
			isa = XCBuildConfiguration;
			baseConfigurationReference = 66383DE799BB54D7185E2B41 /* Pods-ClutaTests.release.xcconfig */;
			buildSettings = {
				ALWAYS_EMBED_SWIFT_STANDARD_LIBRARIES = YES;
				BUNDLE_LOADER = "$(TEST_HOST)";
				CODE_SIGN_STYLE = Automatic;
				INFOPLIST_FILE = ClutaTests/Info.plist;
				LD_RUNPATH_SEARCH_PATHS = (
					"$(inherited)",
					"@executable_path/Frameworks",
					"@loader_path/Frameworks",
				);
				PRODUCT_BUNDLE_IDENTIFIER = com.litech.ClutaTests;
				PRODUCT_NAME = "$(TARGET_NAME)";
				SWIFT_VERSION = 4.0;
				TARGETED_DEVICE_FAMILY = "1,2";
				TEST_HOST = "$(BUILT_PRODUCTS_DIR)/Cluta.app/Cluta";
			};
			name = Release;
		};
		C25F439A214BACB70037CBD0 /* Debug */ = {
			isa = XCBuildConfiguration;
			baseConfigurationReference = D278C482D788CD60F93337BA /* Pods-ClutaUITests.debug.xcconfig */;
			buildSettings = {
				ALWAYS_EMBED_SWIFT_STANDARD_LIBRARIES = YES;
				CODE_SIGN_STYLE = Automatic;
				INFOPLIST_FILE = ClutaUITests/Info.plist;
				LD_RUNPATH_SEARCH_PATHS = (
					"$(inherited)",
					"@executable_path/Frameworks",
					"@loader_path/Frameworks",
				);
				PRODUCT_BUNDLE_IDENTIFIER = com.litech.ClutaUITests;
				PRODUCT_NAME = "$(TARGET_NAME)";
				SWIFT_VERSION = 4.0;
				TARGETED_DEVICE_FAMILY = "1,2";
				TEST_TARGET_NAME = Cluta;
			};
			name = Debug;
		};
		C25F439B214BACB70037CBD0 /* Release */ = {
			isa = XCBuildConfiguration;
			baseConfigurationReference = D6D36F2304788D76644F0FED /* Pods-ClutaUITests.release.xcconfig */;
			buildSettings = {
				ALWAYS_EMBED_SWIFT_STANDARD_LIBRARIES = YES;
				CODE_SIGN_STYLE = Automatic;
				INFOPLIST_FILE = ClutaUITests/Info.plist;
				LD_RUNPATH_SEARCH_PATHS = (
					"$(inherited)",
					"@executable_path/Frameworks",
					"@loader_path/Frameworks",
				);
				PRODUCT_BUNDLE_IDENTIFIER = com.litech.ClutaUITests;
				PRODUCT_NAME = "$(TARGET_NAME)";
				SWIFT_VERSION = 4.0;
				TARGETED_DEVICE_FAMILY = "1,2";
				TEST_TARGET_NAME = Cluta;
			};
			name = Release;
		};
/* End XCBuildConfiguration section */

/* Begin XCConfigurationList section */
		C25F4366214BACAC0037CBD0 /* Build configuration list for PBXProject "Cluta" */ = {
			isa = XCConfigurationList;
			buildConfigurations = (
				C25F4391214BACB70037CBD0 /* Debug */,
				C25F4392214BACB70037CBD0 /* Release */,
			);
			defaultConfigurationIsVisible = 0;
			defaultConfigurationName = Release;
		};
		C25F4393214BACB70037CBD0 /* Build configuration list for PBXNativeTarget "Cluta" */ = {
			isa = XCConfigurationList;
			buildConfigurations = (
				C25F4394214BACB70037CBD0 /* Debug */,
				C25F4395214BACB70037CBD0 /* Release */,
			);
			defaultConfigurationIsVisible = 0;
			defaultConfigurationName = Release;
		};
		C25F4396214BACB70037CBD0 /* Build configuration list for PBXNativeTarget "ClutaTests" */ = {
			isa = XCConfigurationList;
			buildConfigurations = (
				C25F4397214BACB70037CBD0 /* Debug */,
				C25F4398214BACB70037CBD0 /* Release */,
			);
			defaultConfigurationIsVisible = 0;
			defaultConfigurationName = Release;
		};
		C25F4399214BACB70037CBD0 /* Build configuration list for PBXNativeTarget "ClutaUITests" */ = {
			isa = XCConfigurationList;
			buildConfigurations = (
				C25F439A214BACB70037CBD0 /* Debug */,
				C25F439B214BACB70037CBD0 /* Release */,
			);
			defaultConfigurationIsVisible = 0;
			defaultConfigurationName = Release;
		};
/* End XCConfigurationList section */
	};
	rootObject = C25F4363214BACAC0037CBD0 /* Project object */;
}
